
Microsoft Visual Studio Solution File, Format Version 12.00
# Visual Studio Version 17
VisualStudioVersion = 17.7.34221.43
MinimumVisualStudioVersion = 10.0.40219.1
Project("{FAE04EC0-301F-11D3-BF4B-00C04F79EFBC}") = "CalculatorLib", "CalculatorLib\CalculatorLib.csproj", "{5002F011-533B-4156-A237-F55C7C026EED}"
EndProject
Project("{FAE04EC0-301F-11D3-BF4B-00C04F79EFBC}") = "SpecFlowProjectCalc", "SpecFlowProjectCalc\SpecFlowProjectCalc.csproj", "{D1B4831D-B457-4EC2-85FF-782749A3B8E3}"
EndProject
Global
	GlobalSection(SolutionConfigurationPlatforms) = preSolution
		Debug|Any CPU = Debug|Any CPU
		Release|Any CPU = Release|Any CPU
	EndGlobalSection
	GlobalSection(ProjectConfigurationPlatforms) = postSolution
		{5002F011-533B-4156-A237-F55C7C026EED}.Debug|Any CPU.ActiveCfg = Debug|Any CPU
		{5002F011-533B-4156-A237-F55C7C026EED}.Debug|Any CPU.Build.0 = Debug|Any CPU
		{5002F011-533B-4156-A237-F55C7C026EED}.Release|Any CPU.ActiveCfg = Release|Any CPU
		{5002F011-533B-4156-A237-F55C7C026EED}.Release|Any CPU.Build.0 = Release|Any CPU
		{D1B4831D-B457-4EC2-85FF-782749A3B8E3}.Debug|Any CPU.ActiveCfg = Debug|Any CPU
		{D1B4831D-B457-4EC2-85FF-782749A3B8E3}.Debug|Any CPU.Build.0 = Debug|Any CPU
		{D1B4831D-B457-4EC2-85FF-782749A3B8E3}.Release|Any CPU.ActiveCfg = Release|Any CPU
		{D1B4831D-B457-4EC2-85FF-782749A3B8E3}.Release|Any CPU.Build.0 = Release|Any CPU
	EndGlobalSection
	GlobalSection(SolutionProperties) = preSolution
		HideSolutionNode = FALSE
	EndGlobalSection
	GlobalSection(ExtensibilityGlobals) = postSolution
		SolutionGuid = {82009F06-CAD9-42DF-A219-39E5775A9BF9}
	EndGlobalSection
EndGlobal
